PODS:
  - CleverTap-Geofence-SDK (1.0.6):
    - CleverTap-iOS-SDK (>= 3.9)
  - CleverTap-iOS-SDK (7.0.1):
    - SDWebImage (~> 5.11)
  - clevertap_plugin (2.5.0):
    - CleverTap-iOS-SDK (= 7.0.1)
    - Flutter
  - Flutter (1.0.0)
  - SDWebImage (5.20.0):
    - SDWebImage/Core (= 5.20.0)
  - SDWebImage/Core (5.20.0)

DEPENDENCIES:
  - CleverTap-Geofence-SDK
  - clevertap_plugin (from `.symlinks/plugins/clevertap_plugin/ios`)
  - Flutter (from `Flutter`)

SPEC REPOS:
  trunk:
    - CleverTap-Geofence-SDK
    - CleverTap-iOS-SDK
    - SDWebImage

EXTERNAL SOURCES:
  clevertap_plugin:
    :path: ".symlinks/plugins/clevertap_plugin/ios"
  Flutter:
    :path: Flutter

SPEC CHECKSUMS:
  CleverTap-Geofence-SDK: 980ab1d94b0f7e45090fd60f0e3dce24553d419c
  CleverTap-iOS-SDK: 7554c66e94450822e03523c288712ebb1d1b70e8
  clevertap_plugin: d94e09bdbdd44925c0c821c2a9a598a4703df158
  Flutter: e0871f40cf51350855a761d2e70bf5af5b9b5de7
  SDWebImage: 73c6079366fea25fa4bb9640d5fb58f0893facd8

PODFILE CHECKSUM: fdeea8414a617806ff5842dde9a5359437e171d9

COCOAPODS: 1.15.2
